
Microsoft Visual Studio Solution File, Format Version 10.00
# Visual Studio 2008
Project("{FAE04EC0-301F-11D3-BF4B-00C04F79EFBC}") = "SampleClient", "SampleClient\SampleClient.csproj", "{ACE20BF5-1666-4411-975F-3850F93168B9}"
EndProject
Project("{FAE04EC0-301F-11D3-BF4B-00C04F79EFBC}") = "MerchantAPI", "MerchantAPI\MerchantAPI.csproj", "{D877F3F4-A936-4F6E-A86B-D26AEBC0994B}"
EndProject
Project("{FAE04EC0-301F-11D3-BF4B-00C04F79EFBC}") = "MerchantAPI.Test", "MerchantAPI.Test\MerchantAPI.Test.csproj", "{95E9C7E7-DFFB-415A-9726-D7843ABEB845}"
EndProject
Project("{2150E333-8FDC-42A3-9474-1A3956D46DE8}") = "Solution Items", "Solution Items", "{ADFAFEF1-7E30-4F41-B0EE-8CA4AB4412E8}"
EndProject
Global
	GlobalSection(SolutionConfigurationPlatforms) = preSolution
		Debug|Any CPU = Debug|Any CPU
		Release|Any CPU = Release|Any CPU
	EndGlobalSection
	GlobalSection(ProjectConfigurationPlatforms) = postSolution
		{ACE20BF5-1666-4411-975F-3850F93168B9}.Debug|Any CPU.ActiveCfg = Debug|Any CPU
		{ACE20BF5-1666-4411-975F-3850F93168B9}.Debug|Any CPU.Build.0 = Debug|Any CPU
		{ACE20BF5-1666-4411-975F-3850F93168B9}.Release|Any CPU.ActiveCfg = Release|Any CPU
		{ACE20BF5-1666-4411-975F-3850F93168B9}.Release|Any CPU.Build.0 = Release|Any CPU
		{D877F3F4-A936-4F6E-A86B-D26AEBC0994B}.Debug|Any CPU.ActiveCfg = Debug|Any CPU
		{D877F3F4-A936-4F6E-A86B-D26AEBC0994B}.Debug|Any CPU.Build.0 = Debug|Any CPU
		{D877F3F4-A936-4F6E-A86B-D26AEBC0994B}.Release|Any CPU.ActiveCfg = Release|Any CPU
		{D877F3F4-A936-4F6E-A86B-D26AEBC0994B}.Release|Any CPU.Build.0 = Release|Any CPU
		{95E9C7E7-DFFB-415A-9726-D7843ABEB845}.Debug|Any CPU.ActiveCfg = Debug|Any CPU
		{95E9C7E7-DFFB-415A-9726-D7843ABEB845}.Debug|Any CPU.Build.0 = Debug|Any CPU
		{95E9C7E7-DFFB-415A-9726-D7843ABEB845}.Release|Any CPU.ActiveCfg = Release|Any CPU
		{95E9C7E7-DFFB-415A-9726-D7843ABEB845}.Release|Any CPU.Build.0 = Release|Any CPU
	EndGlobalSection
	GlobalSection(SolutionProperties) = preSolution
		HideSolutionNode = FALSE
	EndGlobalSection
EndGlobal
